{
  "originHash" : "409f5d4f28bbde12b2392ddbc73409095b0f004c7f5e4d43c0094eb547805a7d",
  "pins" : [
    {
      "identity" : "coupondetail",
      "kind" : "remoteSourceControl",
      "location" : "https://github.com/abhishekbenglore/CouponDetail.git",
      "state" : {
        "branch" : "main",
        "revision" : "5941aa2459cce076a2b4389af5cace6b74aa227b"
      }
    },
    {
      "identity" : "coupons",
      "kind" : "remoteSourceControl",
      "location" : "https://github.com/abhishekbenglore/Coupons.git",
      "state" : {
        "branch" : "main",
        "revision" : "44d1affa32571e4b3a1196d7ee45870753a6a036"
      }
    },
    {
      "identity" : "languageselection",
      "kind" : "remoteSourceControl",
      "location" : "https://github.com/abhishekbenglore/LanguageSelection.git",
      "state" : {
        "branch" : "main",
        "revision" : "23c22a5dee6c73ebe244b36c7985600c9e72855d"
      }
    },
    {
      "identity" : "localisation",
      "kind" : "remoteSourceControl",
      "location" : "https://github.com/abhishekbenglore/Localisation.git",
      "state" : {
        "branch" : "main",
        "revision" : "b2dbd7b5d5cc0a483926f06145b9b9d202b843a7"
      }
    },
    {
      "identity" : "onboarding",
      "kind" : "remoteSourceControl",
      "location" : "https://github.com/abhishekbenglore/Onboarding.git",
      "state" : {
        "branch" : "main",
        "revision" : "aeb32b039d8ecf4d8b8e5b351a175b989b22029b"
      }
    },
    {
      "identity" : "settings",
      "kind" : "remoteSourceControl",
      "location" : "https://github.com/abhishekbenglore/Settings.git",
      "state" : {
        "branch" : "main",
        "revision" : "643cd358b3c8341597af7c70a8647c0f353be2c0"
      }
    },
    {
      "identity" : "utilities",
      "kind" : "remoteSourceControl",
      "location" : "https://github.com/abhishekbenglore/Utilities.git",
      "state" : {
        "branch" : "main",
        "revision" : "0191990ea02c349897abde85bce6cd157cb0425b"
      }
    }
  ],
  "version" : 3
}
