{
  "originHash" : "9ff00907bac1727b708f30417c0bde5f9c26e490f2b69fab69de282d6e2635db",
  "pins" : [
    {
      "identity" : "coupondetail",
      "kind" : "remoteSourceControl",
      "location" : "https://github.com/abhishekbenglore/CouponDetail.git",
      "state" : {
        "branch" : "main",
        "revision" : "abaee0e8ec800f10ba05d0ff56b25a99f66d5dbe"
      }
    },
    {
      "identity" : "coupons",
      "kind" : "remoteSourceControl",
      "location" : "https://github.com/abhishekbenglore/Coupons.git",
      "state" : {
        "branch" : "main",
        "revision" : "74929e27ce6dd633cf2c71823a54174a20c6e242"
      }
    },
    {
      "identity" : "languageselection",
      "kind" : "remoteSourceControl",
      "location" : "https://github.com/abhishekbenglore/LanguageSelection.git",
      "state" : {
        "branch" : "main",
        "revision" : "23c22a5dee6c73ebe244b36c7985600c9e72855d"
      }
    },
    {
      "identity" : "onboarding",
      "kind" : "remoteSourceControl",
      "location" : "https://github.com/abhishekbenglore/Onboarding.git",
      "state" : {
        "branch" : "main",
        "revision" : "aeb32b039d8ecf4d8b8e5b351a175b989b22029b"
      }
    },
    {
      "identity" : "settings",
      "kind" : "remoteSourceControl",
      "location" : "https://github.com/abhishekbenglore/Settings.git",
      "state" : {
        "branch" : "main",
        "revision" : "1612eff00398cd2e7bfb67ce5142ab6dd1dddb9d"
      }
    }
  ],
  "version" : 3
}
