// !$*UTF8*$!
{
	archiveVersion = 1;
	classes = {
	};
	objectVersion = 77;
	objects = {

/* Begin PBXBuildFile section */
		4619E6D52F5C80D300B3D6E0 /* LanguageSelection in Frameworks */ = {isa = PBXBuildFile; productRef = 4619E6D42F5C80D300B3D6E0 /* LanguageSelection */; };
		4619E6D82F5C848900B3D6E0 /* Onboarding in Frameworks */ = {isa = PBXBuildFile; productRef = 4619E6D72F5C848900B3D6E0 /* Onboarding */; };
		4619E6DB2F5D2B6300B3D6E0 /* Coupons in Frameworks */ = {isa = PBXBuildFile; productRef = 4619E6DA2F5D2B6300B3D6E0 /* Coupons */; };
		4619E6DE2F5D2F2D00B3D6E0 /* CouponDetail in Frameworks */ = {isa = PBXBuildFile; productRef = 4619E6DD2F5D2F2D00B3D6E0 /* CouponDetail */; };
/* End PBXBuildFile section */

/* Begin PBXContainerItemProxy section */
		4619E6712F5C667000B3D6E0 /* PBXContainerItemProxy */ = {
			isa = PBXContainerItemProxy;
			containerPortal = 4619E6562F5C666D00B3D6E0 /* Project object */;
			proxyType = 1;
			remoteGlobalIDString = 4619E65D2F5C666D00B3D6E0;
			remoteInfo = "Rossmann Phoenix";
		};
		4619E67B2F5C667000B3D6E0 /* PBXContainerItemProxy */ = {
			isa = PBXContainerItemProxy;
			containerPortal = 4619E6562F5C666D00B3D6E0 /* Project object */;
			proxyType = 1;
			remoteGlobalIDString = 4619E65D2F5C666D00B3D6E0;
			remoteInfo = "Rossmann Phoenix";
		};
/* End PBXContainerItemProxy section */

/* Begin PBXFileReference section */
		4619E65E2F5C666D00B3D6E0 /* Rossmann Phoenix.app */ = {isa = PBXFileReference; explicitFileType = wrapper.application; includeInIndex = 0; path = "Rossmann Phoenix.app"; sourceTree = BUILT_PRODUCTS_DIR; };
		4619E6702F5C667000B3D6E0 /* Rossmann PhoenixTests.xctest */ = {isa = PBXFileReference; explicitFileType = wrapper.cfbundle; includeInIndex = 0; path = "Rossmann PhoenixTests.xctest"; sourceTree = BUILT_PRODUCTS_DIR; };
		4619E67A2F5C667000B3D6E0 /* Rossmann PhoenixUITests.xctest */ = {isa = PBXFileReference; explicitFileType = wrapper.cfbundle; includeInIndex = 0; path = "Rossmann PhoenixUITests.xctest"; sourceTree = BUILT_PRODUCTS_DIR; };
/* End PBXFileReference section */

/* Begin PBXFileSystemSynchronizedRootGroup section */
		4619E6602F5C666D00B3D6E0 /* Rossmann Phoenix */ = {
			isa = PBXFileSystemSynchronizedRootGroup;
			path = "Rossmann Phoenix";
			sourceTree = "<group>";
		};
		4619E6732F5C667000B3D6E0 /* Rossmann PhoenixTests */ = {
			isa = PBXFileSystemSynchronizedRootGroup;
			path = "Rossmann PhoenixTests";
			sourceTree = "<group>";
		};
		4619E67D2F5C667000B3D6E0 /* Rossmann PhoenixUITests */ = {
			isa = PBXFileSystemSynchronizedRootGroup;
			path = "Rossmann PhoenixUITests";
			sourceTree = "<group>";
		};
/* End PBXFileSystemSynchronizedRootGroup section */

/* Begin PBXFrameworksBuildPhase section */
		4619E65B2F5C666D00B3D6E0 /* Frameworks */ = {
			isa = PBXFrameworksBuildPhase;
			buildActionMask = 2147483647;
			files = (
				4619E6DB2F5D2B6300B3D6E0 /* Coupons in Frameworks */,
				4619E6D52F5C80D300B3D6E0 /* LanguageSelection in Frameworks */,
				4619E6D82F5C848900B3D6E0 /* Onboarding in Frameworks */,
				4619E6DE2F5D2F2D00B3D6E0 /* CouponDetail in Frameworks */,
			);
			runOnlyForDeploymentPostprocessing = 0;
		};
		4619E66D2F5C667000B3D6E0 /* Frameworks */ = {
			isa = PBXFrameworksBuildPhase;
			buildActionMask = 2147483647;
			files = (
			);
			runOnlyForDeploymentPostprocessing = 0;
		};
		4619E6772F5C667000B3D6E0 /* Frameworks */ = {
			isa = PBXFrameworksBuildPhase;
			buildActionMask = 2147483647;
			files = (
			);
			runOnlyForDeploymentPostprocessing = 0;
		};
/* End PBXFrameworksBuildPhase section */

/* Begin PBXGroup section */
		4619E6552F5C666D00B3D6E0 = {
			isa = PBXGroup;
			children = (
				4619E6602F5C666D00B3D6E0 /* Rossmann Phoenix */,
				4619E6732F5C667000B3D6E0 /* Rossmann PhoenixTests */,
				4619E67D2F5C667000B3D6E0 /* Rossmann PhoenixUITests */,
				4619E65F2F5C666D00B3D6E0 /* Products */,
			);
			sourceTree = "<group>";
		};
		4619E65F2F5C666D00B3D6E0 /* Products */ = {
			isa = PBXGroup;
			children = (
				4619E65E2F5C666D00B3D6E0 /* Rossmann Phoenix.app */,
				4619E6702F5C667000B3D6E0 /* Rossmann PhoenixTests.xctest */,
				4619E67A2F5C667000B3D6E0 /* Rossmann PhoenixUITests.xctest */,
			);
			name = Products;
			sourceTree = "<group>";
		};
/* End PBXGroup section */

/* Begin PBXNativeTarget section */
		4619E65D2F5C666D00B3D6E0 /* Rossmann Phoenix */ = {
			isa = PBXNativeTarget;
			buildConfigurationList = 4619E6842F5C667000B3D6E0 /* Build configuration list for PBXNativeTarget "Rossmann Phoenix" */;
			buildPhases = (
				4619E65A2F5C666D00B3D6E0 /* Sources */,
				4619E65B2F5C666D00B3D6E0 /* Frameworks */,
				4619E65C2F5C666D00B3D6E0 /* Resources */,
			);
			buildRules = (
			);
			dependencies = (
			);
			fileSystemSynchronizedGroups = (
				4619E6602F5C666D00B3D6E0 /* Rossmann Phoenix */,
			);
			name = "Rossmann Phoenix";
			packageProductDependencies = (
				4619E6D42F5C80D300B3D6E0 /* LanguageSelection */,
				4619E6D72F5C848900B3D6E0 /* Onboarding */,
				4619E6DA2F5D2B6300B3D6E0 /* Coupons */,
				4619E6DD2F5D2F2D00B3D6E0 /* CouponDetail */,
			);
			productName = "Rossmann Phoenix";
			productReference = 4619E65E2F5C666D00B3D6E0 /* Rossmann Phoenix.app */;
			productType = "com.apple.product-type.application";
		};
		4619E66F2F5C667000B3D6E0 /* Rossmann PhoenixTests */ = {
			isa = PBXNativeTarget;
			buildConfigurationList = 4619E6872F5C667000B3D6E0 /* Build configuration list for PBXNativeTarget "Rossmann PhoenixTests" */;
			buildPhases = (
				4619E66C2F5C667000B3D6E0 /* Sources */,
				4619E66D2F5C667000B3D6E0 /* Frameworks */,
				4619E66E2F5C667000B3D6E0 /* Resources */,
			);
			buildRules = (
			);
			dependencies = (
				4619E6722F5C667000B3D6E0 /* PBXTargetDependency */,
			);
			fileSystemSynchronizedGroups = (
				4619E6732F5C667000B3D6E0 /* Rossmann PhoenixTests */,
			);
			name = "Rossmann PhoenixTests";
			packageProductDependencies = (
			);
			productName = "Rossmann PhoenixTests";
			productReference = 4619E6702F5C667000B3D6E0 /* Rossmann PhoenixTests.xctest */;
			productType = "com.apple.product-type.bundle.unit-test";
		};
		4619E6792F5C667000B3D6E0 /* Rossmann PhoenixUITests */ = {
			isa = PBXNativeTarget;
			buildConfigurationList = 4619E68A2F5C667000B3D6E0 /* Build configuration list for PBXNativeTarget "Rossmann PhoenixUITests" */;
			buildPhases = (
				4619E6762F5C667000B3D6E0 /* Sources */,
				4619E6772F5C667000B3D6E0 /* Frameworks */,
				4619E6782F5C667000B3D6E0 /* Resources */,
			);
			buildRules = (
			);
			dependencies = (
				4619E67C2F5C667000B3D6E0 /* PBXTargetDependency */,
			);
			fileSystemSynchronizedGroups = (
				4619E67D2F5C667000B3D6E0 /* Rossmann PhoenixUITests */,
			);
			name = "Rossmann PhoenixUITests";
			packageProductDependencies = (
			);
			productName = "Rossmann PhoenixUITests";
			productReference = 4619E67A2F5C667000B3D6E0 /* Rossmann PhoenixUITests.xctest */;
			productType = "com.apple.product-type.bundle.ui-testing";
		};
/* End PBXNativeTarget section */

/* Begin PBXProject section */
		4619E6562F5C666D00B3D6E0 /* Project object */ = {
			isa = PBXProject;
			attributes = {
				BuildIndependentTargetsInParallel = 1;
				LastSwiftUpdateCheck = 2600;
				LastUpgradeCheck = 2600;
				TargetAttributes = {
					4619E65D2F5C666D00B3D6E0 = {
						CreatedOnToolsVersion = 26.0;
					};
					4619E66F2F5C667000B3D6E0 = {
						CreatedOnToolsVersion = 26.0;
						TestTargetID = 4619E65D2F5C666D00B3D6E0;
					};
					4619E6792F5C667000B3D6E0 = {
						CreatedOnToolsVersion = 26.0;
						TestTargetID = 4619E65D2F5C666D00B3D6E0;
					};
				};
			};
			buildConfigurationList = 4619E6592F5C666D00B3D6E0 /* Build configuration list for PBXProject "Rossmann Phoenix" */;
			developmentRegion = en;
			hasScannedForEncodings = 0;
			knownRegions = (
				en,
				Base,
			);
			mainGroup = 4619E6552F5C666D00B3D6E0;
			minimizedProjectReferenceProxies = 1;
			packageReferences = (
				4619E6D32F5C80D300B3D6E0 /* XCRemoteSwiftPackageReference "LanguageSelection" */,
				4619E6D62F5C848900B3D6E0 /* XCRemoteSwiftPackageReference "Onboarding" */,
				4619E6D92F5D2B6300B3D6E0 /* XCRemoteSwiftPackageReference "Coupons" */,
				4619E6DC2F5D2F2D00B3D6E0 /* XCRemoteSwiftPackageReference "CouponDetail" */,
			);
			preferredProjectObjectVersion = 77;
			productRefGroup = 4619E65F2F5C666D00B3D6E0 /* Products */;
			projectDirPath = "";
			projectRoot = "";
			targets = (
				4619E65D2F5C666D00B3D6E0 /* Rossmann Phoenix */,
				4619E66F2F5C667000B3D6E0 /* Rossmann PhoenixTests */,
				4619E6792F5C667000B3D6E0 /* Rossmann PhoenixUITests */,
			);
		};
/* End PBXProject section */

/* Begin PBXResourcesBuildPhase section */
		4619E65C2F5C666D00B3D6E0 /* Resources */ = {
			isa = PBXResourcesBuildPhase;
			buildActionMask = 2147483647;
			files = (
			);
			runOnlyForDeploymentPostprocessing = 0;
		};
		4619E66E2F5C667000B3D6E0 /* Resources */ = {
			isa = PBXResourcesBuildPhase;
			buildActionMask = 2147483647;
			files = (
			);
			runOnlyForDeploymentPostprocessing = 0;
		};
		4619E6782F5C667000B3D6E0 /* Resources */ = {
			isa = PBXResourcesBuildPhase;
			buildActionMask = 2147483647;
			files = (
			);
			runOnlyForDeploymentPostprocessing = 0;
		};
/* End PBXResourcesBuildPhase section */

/* Begin PBXSourcesBuildPhase section */
		4619E65A2F5C666D00B3D6E0 /* Sources */ = {
			isa = PBXSourcesBuildPhase;
			buildActionMask = 2147483647;
			files = (
			);
			runOnlyForDeploymentPostprocessing = 0;
		};
		4619E66C2F5C667000B3D6E0 /* Sources */ = {
			isa = PBXSourcesBuildPhase;
			buildActionMask = 2147483647;
			files = (
			);
			runOnlyForDeploymentPostprocessing = 0;
		};
		4619E6762F5C667000B3D6E0 /* Sources */ = {
			isa = PBXSourcesBuildPhase;
			buildActionMask = 2147483647;
			files = (
			);
			runOnlyForDeploymentPostprocessing = 0;
		};
/* End PBXSourcesBuildPhase section */

/* Begin PBXTargetDependency section */
		4619E6722F5C667000B3D6E0 /* PBXTargetDependency */ = {
			isa = PBXTargetDependency;
			target = 4619E65D2F5C666D00B3D6E0 /* Rossmann Phoenix */;
			targetProxy = 4619E6712F5C667000B3D6E0 /* PBXContainerItemProxy */;
		};
		4619E67C2F5C667000B3D6E0 /* PBXTargetDependency */ = {
			isa = PBXTargetDependency;
			target = 4619E65D2F5C666D00B3D6E0 /* Rossmann Phoenix */;
			targetProxy = 4619E67B2F5C667000B3D6E0 /* PBXContainerItemProxy */;
		};
/* End PBXTargetDependency section */

/* Begin XCBuildConfiguration section */
		4619E6822F5C667000B3D6E0 /* Debug */ = {
			isa = XCBuildConfiguration;
			buildSettings = {
				ALWAYS_SEARCH_USER_PATHS = NO;
				ASSETCATALOG_COMPILER_GENERATE_SWIFT_ASSET_SYMBOL_EXTENSIONS = YES;
				CLANG_ANALYZER_NONNULL = YES;
				CLANG_ANALYZER_NUMBER_OBJECT_CONVERSION = YES_AGGRESSIVE;
				CLANG_CXX_LANGUAGE_STANDARD = "gnu++20";
				CLANG_ENABLE_MODULES = YES;
				CLANG_ENABLE_OBJC_ARC = YES;
				CLANG_ENABLE_OBJC_WEAK = YES;
				CLANG_WARN_BLOCK_CAPTURE_AUTORELEASING = YES;
				CLANG_WARN_BOOL_CONVERSION = YES;
				CLANG_WARN_COMMA = YES;
				CLANG_WARN_CONSTANT_CONVERSION = YES;
				CLANG_WARN_DEPRECATED_OBJC_IMPLEMENTATIONS = YES;
				CLANG_WARN_DIRECT_OBJC_ISA_USAGE = YES_ERROR;
				CLANG_WARN_DOCUMENTATION_COMMENTS = YES;
				CLANG_WARN_EMPTY_BODY = YES;
				CLANG_WARN_ENUM_CONVERSION = YES;
				CLANG_WARN_INFINITE_RECURSION = YES;
				CLANG_WARN_INT_CONVERSION = YES;
				CLANG_WARN_NON_LITERAL_NULL_CONVERSION = YES;
				CLANG_WARN_OBJC_IMPLICIT_RETAIN_SELF = YES;
				CLANG_WARN_OBJC_LITERAL_CONVERSION = YES;
				CLANG_WARN_OBJC_ROOT_CLASS = YES_ERROR;
				CLANG_WARN_QUOTED_INCLUDE_IN_FRAMEWORK_HEADER = YES;
				CLANG_WARN_RANGE_LOOP_ANALYSIS = YES;
				CLANG_WARN_STRICT_PROTOTYPES = YES;
				CLANG_WARN_SUSPICIOUS_MOVE = YES;
				CLANG_WARN_UNGUARDED_AVAILABILITY = YES_AGGRESSIVE;
				CLANG_WARN_UNREACHABLE_CODE = YES;
				CLANG_WARN__DUPLICATE_METHOD_MATCH = YES;
				COPY_PHASE_STRIP = NO;
				DEBUG_INFORMATION_FORMAT = dwarf;
				DEVELOPMENT_TEAM = 2PFQTYZAM2;
				ENABLE_STRICT_OBJC_MSGSEND = YES;
				ENABLE_TESTABILITY = YES;
				ENABLE_USER_SCRIPT_SANDBOXING = YES;
				GCC_C_LANGUAGE_STANDARD = gnu17;
				GCC_DYNAMIC_NO_PIC = NO;
				GCC_NO_COMMON_BLOCKS = YES;
				GCC_OPTIMIZATION_LEVEL = 0;
				GCC_PREPROCESSOR_DEFINITIONS = (
					"DEBUG=1",
					"$(inherited)",
				);
				GCC_WARN_64_TO_32_BIT_CONVERSION = YES;
				GCC_WARN_ABOUT_RETURN_TYPE = YES_ERROR;
				GCC_WARN_UNDECLARED_SELECTOR = YES;
				GCC_WARN_UNINITIALIZED_AUTOS = YES_AGGRESSIVE;
				GCC_WARN_UNUSED_FUNCTION = YES;
				GCC_WARN_UNUSED_VARIABLE = YES;
				IPHONEOS_DEPLOYMENT_TARGET = 26.0;
				LOCALIZATION_PREFERS_STRING_CATALOGS = YES;
				MTL_ENABLE_DEBUG_INFO = INCLUDE_SOURCE;
				MTL_FAST_MATH = YES;
				ONLY_ACTIVE_ARCH = YES;
				SDKROOT = iphoneos;
				SWIFT_ACTIVE_COMPILATION_CONDITIONS = "DEBUG $(inherited)";
				SWIFT_OPTIMIZATION_LEVEL = "-Onone";
			};
			name = Debug;
		};
		4619E6832F5C667000B3D6E0 /* Release */ = {
			isa = XCBuildConfiguration;
			buildSettings = {
				ALWAYS_SEARCH_USER_PATHS = NO;
				ASSETCATALOG_COMPILER_GENERATE_SWIFT_ASSET_SYMBOL_EXTENSIONS = YES;
				CLANG_ANALYZER_NONNULL = YES;
				CLANG_ANALYZER_NUMBER_OBJECT_CONVERSION = YES_AGGRESSIVE;
				CLANG_CXX_LANGUAGE_STANDARD = "gnu++20";
				CLANG_ENABLE_MODULES = YES;
				CLANG_ENABLE_OBJC_ARC = YES;
				CLANG_ENABLE_OBJC_WEAK = YES;
				CLANG_WARN_BLOCK_CAPTURE_AUTORELEASING = YES;
				CLANG_WARN_BOOL_CONVERSION = YES;
				CLANG_WARN_COMMA = YES;
				CLANG_WARN_CONSTANT_CONVERSION = YES;
				CLANG_WARN_DEPRECATED_OBJC_IMPLEMENTATIONS = YES;
				CLANG_WARN_DIRECT_OBJC_ISA_USAGE = YES_ERROR;
				CLANG_WARN_DOCUMENTATION_COMMENTS = YES;
				CLANG_WARN_EMPTY_BODY = YES;
				CLANG_WARN_ENUM_CONVERSION = YES;
				CLANG_WARN_INFINITE_RECURSION = YES;
				CLANG_WARN_INT_CONVERSION = YES;
				CLANG_WARN_NON_LITERAL_NULL_CONVERSION = YES;
				CLANG_WARN_OBJC_IMPLICIT_RETAIN_SELF = YES;
				CLANG_WARN_OBJC_LITERAL_CONVERSION = YES;
				CLANG_WARN_OBJC_ROOT_CLASS = YES_ERROR;
				CLANG_WARN_QUOTED_INCLUDE_IN_FRAMEWORK_HEADER = YES;
				CLANG_WARN_RANGE_LOOP_ANALYSIS = YES;
				CLANG_WARN_STRICT_PROTOTYPES = YES;
				CLANG_WARN_SUSPICIOUS_MOVE = YES;
				CLANG_WARN_UNGUARDED_AVAILABILITY = YES_AGGRESSIVE;
				CLANG_WARN_UNREACHABLE_CODE = YES;
				CLANG_WARN__DUPLICATE_METHOD_MATCH = YES;
				COPY_PHASE_STRIP = NO;
				DEBUG_INFORMATION_FORMAT = "dwarf-with-dsym";
				DEVELOPMENT_TEAM = 2PFQTYZAM2;
				ENABLE_NS_ASSERTIONS = NO;
				ENABLE_STRICT_OBJC_MSGSEND = YES;
				ENABLE_USER_SCRIPT_SANDBOXING = YES;
				GCC_C_LANGUAGE_STANDARD = gnu17;
				GCC_NO_COMMON_BLOCKS = YES;
				GCC_WARN_64_TO_32_BIT_CONVERSION = YES;
				GCC_WARN_ABOUT_RETURN_TYPE = YES_ERROR;
				GCC_WARN_UNDECLARED_SELECTOR = YES;
				GCC_WARN_UNINITIALIZED_AUTOS = YES_AGGRESSIVE;
				GCC_WARN_UNUSED_FUNCTION = YES;
				GCC_WARN_UNUSED_VARIABLE = YES;
				IPHONEOS_DEPLOYMENT_TARGET = 26.0;
				LOCALIZATION_PREFERS_STRING_CATALOGS = YES;
				MTL_ENABLE_DEBUG_INFO = NO;
				MTL_FAST_MATH = YES;
				SDKROOT = iphoneos;
				SWIFT_COMPILATION_MODE = wholemodule;
				VALIDATE_PRODUCT = YES;
			};
			name = Release;
		};
		4619E6852F5C667000B3D6E0 /* Debug */ = {
			isa = XCBuildConfiguration;
			buildSettings = {
				ASSETCATALOG_COMPILER_APPICON_NAME = AppIcon;
				ASSETCATALOG_COMPILER_GLOBAL_ACCENT_COLOR_NAME = AccentColor;
				CODE_SIGN_STYLE = Automatic;
				CURRENT_PROJECT_VERSION = 1;
				DEVELOPMENT_TEAM = 2PFQTYZAM2;
				ENABLE_PREVIEWS = YES;
				GENERATE_INFOPLIST_FILE = YES;
				INFOPLIST_KEY_UIApplicationSceneManifest_Generation = YES;
				INFOPLIST_KEY_UIApplicationSupportsIndirectInputEvents = YES;
				INFOPLIST_KEY_UILaunchScreen_Generation = YES;
				INFOPLIST_KEY_UISupportedInterfaceOrientations_iPad = "UIInterfaceOrientationPortrait UIInterfaceOrientationPortraitUpsideDown UIInterfaceOrientationLandscapeLeft UIInterfaceOrientationLandscapeRight";
				INFOPLIST_KEY_UISupportedInterfaceOrientations_iPhone = "UIInterfaceOrientationPortrait UIInterfaceOrientationLandscapeLeft UIInterfaceOrientationLandscapeRight";
				LD_RUNPATH_SEARCH_PATHS = (
					"$(inherited)",
					"@executable_path/Frameworks",
				);
				MARKETING_VERSION = 1.0;
				PRODUCT_BUNDLE_IDENTIFIER = "aaa.Rossmann-Phoenix";
				PRODUCT_NAME = "$(TARGET_NAME)";
				STRING_CATALOG_GENERATE_SYMBOLS = YES;
				SWIFT_APPROACHABLE_CONCURRENCY = YES;
				SWIFT_DEFAULT_ACTOR_ISOLATION = MainActor;
				SWIFT_EMIT_LOC_STRINGS = YES;
				SWIFT_UPCOMING_FEATURE_MEMBER_IMPORT_VISIBILITY = YES;
				SWIFT_VERSION = 5.0;
				TARGETED_DEVICE_FAMILY = "1,2";
			};
			name = Debug;
		};
		4619E6862F5C667000B3D6E0 /* Release */ = {
			isa = XCBuildConfiguration;
			buildSettings = {
				ASSETCATALOG_COMPILER_APPICON_NAME = AppIcon;
				ASSETCATALOG_COMPILER_GLOBAL_ACCENT_COLOR_NAME = AccentColor;
				CODE_SIGN_STYLE = Automatic;
				CURRENT_PROJECT_VERSION = 1;
				DEVELOPMENT_TEAM = 2PFQTYZAM2;
				ENABLE_PREVIEWS = YES;
				GENERATE_INFOPLIST_FILE = YES;
				INFOPLIST_KEY_UIApplicationSceneManifest_Generation = YES;
				INFOPLIST_KEY_UIApplicationSupportsIndirectInputEvents = YES;
				INFOPLIST_KEY_UILaunchScreen_Generation = YES;
				INFOPLIST_KEY_UISupportedInterfaceOrientations_iPad = "UIInterfaceOrientationPortrait UIInterfaceOrientationPortraitUpsideDown UIInterfaceOrientationLandscapeLeft UIInterfaceOrientationLandscapeRight";
				INFOPLIST_KEY_UISupportedInterfaceOrientations_iPhone = "UIInterfaceOrientationPortrait UIInterfaceOrientationLandscapeLeft UIInterfaceOrientationLandscapeRight";
				LD_RUNPATH_SEARCH_PATHS = (
					"$(inherited)",
					"@executable_path/Frameworks",
				);
				MARKETING_VERSION = 1.0;
				PRODUCT_BUNDLE_IDENTIFIER = "aaa.Rossmann-Phoenix";
				PRODUCT_NAME = "$(TARGET_NAME)";
				STRING_CATALOG_GENERATE_SYMBOLS = YES;
				SWIFT_APPROACHABLE_CONCURRENCY = YES;
				SWIFT_DEFAULT_ACTOR_ISOLATION = MainActor;
				SWIFT_EMIT_LOC_STRINGS = YES;
				SWIFT_UPCOMING_FEATURE_MEMBER_IMPORT_VISIBILITY = YES;
				SWIFT_VERSION = 5.0;
				TARGETED_DEVICE_FAMILY = "1,2";
			};
			name = Release;
		};
		4619E6882F5C667000B3D6E0 /* Debug */ = {
			isa = XCBuildConfiguration;
			buildSettings = {
				BUNDLE_LOADER = "$(TEST_HOST)";
				CODE_SIGN_STYLE = Automatic;
				CURRENT_PROJECT_VERSION = 1;
				DEVELOPMENT_TEAM = 2PFQTYZAM2;
				GENERATE_INFOPLIST_FILE = YES;
				IPHONEOS_DEPLOYMENT_TARGET = 26.0;
				MARKETING_VERSION = 1.0;
				PRODUCT_BUNDLE_IDENTIFIER = "aaa.Rossmann-PhoenixTests";
				PRODUCT_NAME = "$(TARGET_NAME)";
				STRING_CATALOG_GENERATE_SYMBOLS = NO;
				SWIFT_APPROACHABLE_CONCURRENCY = YES;
				SWIFT_EMIT_LOC_STRINGS = NO;
				SWIFT_UPCOMING_FEATURE_MEMBER_IMPORT_VISIBILITY = YES;
				SWIFT_VERSION = 5.0;
				TARGETED_DEVICE_FAMILY = "1,2";
				TEST_HOST = "$(BUILT_PRODUCTS_DIR)/Rossmann Phoenix.app/$(BUNDLE_EXECUTABLE_FOLDER_PATH)/Rossmann Phoenix";
			};
			name = Debug;
		};
		4619E6892F5C667000B3D6E0 /* Release */ = {
			isa = XCBuildConfiguration;
			buildSettings = {
				BUNDLE_LOADER = "$(TEST_HOST)";
				CODE_SIGN_STYLE = Automatic;
				CURRENT_PROJECT_VERSION = 1;
				DEVELOPMENT_TEAM = 2PFQTYZAM2;
				GENERATE_INFOPLIST_FILE = YES;
				IPHONEOS_DEPLOYMENT_TARGET = 26.0;
				MARKETING_VERSION = 1.0;
				PRODUCT_BUNDLE_IDENTIFIER = "aaa.Rossmann-PhoenixTests";
				PRODUCT_NAME = "$(TARGET_NAME)";
				STRING_CATALOG_GENERATE_SYMBOLS = NO;
				SWIFT_APPROACHABLE_CONCURRENCY = YES;
				SWIFT_EMIT_LOC_STRINGS = NO;
				SWIFT_UPCOMING_FEATURE_MEMBER_IMPORT_VISIBILITY = YES;
				SWIFT_VERSION = 5.0;
				TARGETED_DEVICE_FAMILY = "1,2";
				TEST_HOST = "$(BUILT_PRODUCTS_DIR)/Rossmann Phoenix.app/$(BUNDLE_EXECUTABLE_FOLDER_PATH)/Rossmann Phoenix";
			};
			name = Release;
		};
		4619E68B2F5C667000B3D6E0 /* Debug */ = {
			isa = XCBuildConfiguration;
			buildSettings = {
				CODE_SIGN_STYLE = Automatic;
				CURRENT_PROJECT_VERSION = 1;
				DEVELOPMENT_TEAM = 2PFQTYZAM2;
				GENERATE_INFOPLIST_FILE = YES;
				MARKETING_VERSION = 1.0;
				PRODUCT_BUNDLE_IDENTIFIER = "aaa.Rossmann-PhoenixUITests";
				PRODUCT_NAME = "$(TARGET_NAME)";
				STRING_CATALOG_GENERATE_SYMBOLS = NO;
				SWIFT_APPROACHABLE_CONCURRENCY = YES;
				SWIFT_EMIT_LOC_STRINGS = NO;
				SWIFT_UPCOMING_FEATURE_MEMBER_IMPORT_VISIBILITY = YES;
				SWIFT_VERSION = 5.0;
				TARGETED_DEVICE_FAMILY = "1,2";
				TEST_TARGET_NAME = "Rossmann Phoenix";
			};
			name = Debug;
		};
		4619E68C2F5C667000B3D6E0 /* Release */ = {
			isa = XCBuildConfiguration;
			buildSettings = {
				CODE_SIGN_STYLE = Automatic;
				CURRENT_PROJECT_VERSION = 1;
				DEVELOPMENT_TEAM = 2PFQTYZAM2;
				GENERATE_INFOPLIST_FILE = YES;
				MARKETING_VERSION = 1.0;
				PRODUCT_BUNDLE_IDENTIFIER = "aaa.Rossmann-PhoenixUITests";
				PRODUCT_NAME = "$(TARGET_NAME)";
				STRING_CATALOG_GENERATE_SYMBOLS = NO;
				SWIFT_APPROACHABLE_CONCURRENCY = YES;
				SWIFT_EMIT_LOC_STRINGS = NO;
				SWIFT_UPCOMING_FEATURE_MEMBER_IMPORT_VISIBILITY = YES;
				SWIFT_VERSION = 5.0;
				TARGETED_DEVICE_FAMILY = "1,2";
				TEST_TARGET_NAME = "Rossmann Phoenix";
			};
			name = Release;
		};
/* End XCBuildConfiguration section */

/* Begin XCConfigurationList section */
		4619E6592F5C666D00B3D6E0 /* Build configuration list for PBXProject "Rossmann Phoenix" */ = {
			isa = XCConfigurationList;
			buildConfigurations = (
				4619E6822F5C667000B3D6E0 /* Debug */,
				4619E6832F5C667000B3D6E0 /* Release */,
			);
			defaultConfigurationIsVisible = 0;
			defaultConfigurationName = Release;
		};
		4619E6842F5C667000B3D6E0 /* Build configuration list for PBXNativeTarget "Rossmann Phoenix" */ = {
			isa = XCConfigurationList;
			buildConfigurations = (
				4619E6852F5C667000B3D6E0 /* Debug */,
				4619E6862F5C667000B3D6E0 /* Release */,
			);
			defaultConfigurationIsVisible = 0;
			defaultConfigurationName = Release;
		};
		4619E6872F5C667000B3D6E0 /* Build configuration list for PBXNativeTarget "Rossmann PhoenixTests" */ = {
			isa = XCConfigurationList;
			buildConfigurations = (
				4619E6882F5C667000B3D6E0 /* Debug */,
				4619E6892F5C667000B3D6E0 /* Release */,
			);
			defaultConfigurationIsVisible = 0;
			defaultConfigurationName = Release;
		};
		4619E68A2F5C667000B3D6E0 /* Build configuration list for PBXNativeTarget "Rossmann PhoenixUITests" */ = {
			isa = XCConfigurationList;
			buildConfigurations = (
				4619E68B2F5C667000B3D6E0 /* Debug */,
				4619E68C2F5C667000B3D6E0 /* Release */,
			);
			defaultConfigurationIsVisible = 0;
			defaultConfigurationName = Release;
		};
/* End XCConfigurationList section */

/* Begin XCRemoteSwiftPackageReference section */
		4619E6D32F5C80D300B3D6E0 /* XCRemoteSwiftPackageReference "LanguageSelection" */ = {
			isa = XCRemoteSwiftPackageReference;
			repositoryURL = "https://github.com/abhishekbenglore/LanguageSelection.git";
			requirement = {
				branch = main;
				kind = branch;
			};
		};
		4619E6D62F5C848900B3D6E0 /* XCRemoteSwiftPackageReference "Onboarding" */ = {
			isa = XCRemoteSwiftPackageReference;
			repositoryURL = "https://github.com/abhishekbenglore/Onboarding.git";
			requirement = {
				branch = main;
				kind = branch;
			};
		};
		4619E6D92F5D2B6300B3D6E0 /* XCRemoteSwiftPackageReference "Coupons" */ = {
			isa = XCRemoteSwiftPackageReference;
			repositoryURL = "https://github.com/abhishekbenglore/Coupons.git";
			requirement = {
				branch = main;
				kind = branch;
			};
		};
		4619E6DC2F5D2F2D00B3D6E0 /* XCRemoteSwiftPackageReference "CouponDetail" */ = {
			isa = XCRemoteSwiftPackageReference;
			repositoryURL = "https://github.com/abhishekbenglore/CouponDetail.git";
			requirement = {
				branch = main;
				kind = branch;
			};
		};
/* End XCRemoteSwiftPackageReference section */

/* Begin XCSwiftPackageProductDependency section */
		4619E6D42F5C80D300B3D6E0 /* LanguageSelection */ = {
			isa = XCSwiftPackageProductDependency;
			package = 4619E6D32F5C80D300B3D6E0 /* XCRemoteSwiftPackageReference "LanguageSelection" */;
			productName = LanguageSelection;
		};
		4619E6D72F5C848900B3D6E0 /* Onboarding */ = {
			isa = XCSwiftPackageProductDependency;
			package = 4619E6D62F5C848900B3D6E0 /* XCRemoteSwiftPackageReference "Onboarding" */;
			productName = Onboarding;
		};
		4619E6DA2F5D2B6300B3D6E0 /* Coupons */ = {
			isa = XCSwiftPackageProductDependency;
			package = 4619E6D92F5D2B6300B3D6E0 /* XCRemoteSwiftPackageReference "Coupons" */;
			productName = Coupons;
		};
		4619E6DD2F5D2F2D00B3D6E0 /* CouponDetail */ = {
			isa = XCSwiftPackageProductDependency;
			package = 4619E6DC2F5D2F2D00B3D6E0 /* XCRemoteSwiftPackageReference "CouponDetail" */;
			productName = CouponDetail;
		};
/* End XCSwiftPackageProductDependency section */
	};
	rootObject = 4619E6562F5C666D00B3D6E0 /* Project object */;
}
